
Microsoft Visual Studio Solution File, Format Version 12.00
# Visual Studio Version 16
VisualStudioVersion = 16.0.29926.136
MinimumVisualStudioVersion = 10.0.40219.1
Project("{FAE04EC0-301F-11D3-BF4B-00C04F79EFBC}") = "Effecten.Wpf", "Effecten.Wpf\Effecten.Wpf.csproj", "{4F7C8FDA-BA81-48A0-9AE7-9F44E77228E7}"
EndProject
Project("{FAE04EC0-301F-11D3-BF4B-00C04F79EFBC}") = "Beleggingen.Lib", "Beleggingen.Lib\Beleggingen.Lib.csproj", "{A705983F-23EE-4D3F-9D38-A0CE8268D686}"
EndProject
Global
	GlobalSection(SolutionConfigurationPlatforms) = preSolution
		Debug|Any CPU = Debug|Any CPU
		Release|Any CPU = Release|Any CPU
	EndGlobalSection
	GlobalSection(ProjectConfigurationPlatforms) = postSolution
		{4F7C8FDA-BA81-48A0-9AE7-9F44E77228E7}.Debug|Any CPU.ActiveCfg = Debug|Any CPU
		{4F7C8FDA-BA81-48A0-9AE7-9F44E77228E7}.Debug|Any CPU.Build.0 = Debug|Any CPU
		{4F7C8FDA-BA81-48A0-9AE7-9F44E77228E7}.Release|Any CPU.ActiveCfg = Release|Any CPU
		{4F7C8FDA-BA81-48A0-9AE7-9F44E77228E7}.Release|Any CPU.Build.0 = Release|Any CPU
		{A705983F-23EE-4D3F-9D38-A0CE8268D686}.Debug|Any CPU.ActiveCfg = Debug|Any CPU
		{A705983F-23EE-4D3F-9D38-A0CE8268D686}.Debug|Any CPU.Build.0 = Debug|Any CPU
		{A705983F-23EE-4D3F-9D38-A0CE8268D686}.Release|Any CPU.ActiveCfg = Release|Any CPU
		{A705983F-23EE-4D3F-9D38-A0CE8268D686}.Release|Any CPU.Build.0 = Release|Any CPU
	EndGlobalSection
	GlobalSection(SolutionProperties) = preSolution
		HideSolutionNode = FALSE
	EndGlobalSection
	GlobalSection(ExtensibilityGlobals) = postSolution
		SolutionGuid = {31B7B305-BA78-4C6A-A98E-AA4F17F0EB0E}
	EndGlobalSection
EndGlobal
